
Microsoft Visual Studio Solution File, Format Version 12.00
# Visual Studio Version 17
VisualStudioVersion = 17.1.32421.90
MinimumVisualStudioVersion = 10.0.40219.1
Project("{FAE04EC0-301F-11D3-BF4B-00C04F79EFBC}") = "CapaPresentacion", "CSPFA_TEST\CapaPresentacion.csproj", "{D7F796F3-D62E-4136-A434-E62B7A5001D7}"
EndProject
Project("{2150E333-8FDC-42A3-9474-1A3956D46DE8}") = "src", "src", "{0126E986-F657-499A-94EC-972C8464B10D}"
EndProject
Project("{9A19103F-16F7-4668-BE54-9A1E7A4F7556}") = "CapaNegocio", "CapaNegocio\CapaNegocio.csproj", "{340F976D-3F02-4866-95CB-799422B994B3}"
EndProject
Project("{FAE04EC0-301F-11D3-BF4B-00C04F79EFBC}") = "CapaDatos", "CapaDatos\CapaDatos.csproj", "{32331482-7C17-46E4-8FD1-C6743128FEC6}"
EndProject
Global
	GlobalSection(SolutionConfigurationPlatforms) = preSolution
		Debug|Any CPU = Debug|Any CPU
		Debug|x86 = Debug|x86
		Release|Any CPU = Release|Any CPU
		Release|x86 = Release|x86
	EndGlobalSection
	GlobalSection(ProjectConfigurationPlatforms) = postSolution
		{D7F796F3-D62E-4136-A434-E62B7A5001D7}.Debug|Any CPU.ActiveCfg = Debug|x86
		{D7F796F3-D62E-4136-A434-E62B7A5001D7}.Debug|Any CPU.Build.0 = Debug|x86
		{D7F796F3-D62E-4136-A434-E62B7A5001D7}.Debug|x86.ActiveCfg = Debug|x86
		{D7F796F3-D62E-4136-A434-E62B7A5001D7}.Debug|x86.Build.0 = Debug|x86
		{D7F796F3-D62E-4136-A434-E62B7A5001D7}.Release|Any CPU.ActiveCfg = Release|x86
		{D7F796F3-D62E-4136-A434-E62B7A5001D7}.Release|Any CPU.Build.0 = Release|x86
		{D7F796F3-D62E-4136-A434-E62B7A5001D7}.Release|x86.ActiveCfg = Release|x86
		{D7F796F3-D62E-4136-A434-E62B7A5001D7}.Release|x86.Build.0 = Release|x86
		{340F976D-3F02-4866-95CB-799422B994B3}.Debug|Any CPU.ActiveCfg = Debug|Any CPU
		{340F976D-3F02-4866-95CB-799422B994B3}.Debug|Any CPU.Build.0 = Debug|Any CPU
		{340F976D-3F02-4866-95CB-799422B994B3}.Debug|x86.ActiveCfg = Debug|Any CPU
		{340F976D-3F02-4866-95CB-799422B994B3}.Debug|x86.Build.0 = Debug|Any CPU
		{340F976D-3F02-4866-95CB-799422B994B3}.Release|Any CPU.ActiveCfg = Release|Any CPU
		{340F976D-3F02-4866-95CB-799422B994B3}.Release|Any CPU.Build.0 = Release|Any CPU
		{340F976D-3F02-4866-95CB-799422B994B3}.Release|x86.ActiveCfg = Release|Any CPU
		{340F976D-3F02-4866-95CB-799422B994B3}.Release|x86.Build.0 = Release|Any CPU
		{32331482-7C17-46E4-8FD1-C6743128FEC6}.Debug|Any CPU.ActiveCfg = Debug|Any CPU
		{32331482-7C17-46E4-8FD1-C6743128FEC6}.Debug|Any CPU.Build.0 = Debug|Any CPU
		{32331482-7C17-46E4-8FD1-C6743128FEC6}.Debug|x86.ActiveCfg = Debug|Any CPU
		{32331482-7C17-46E4-8FD1-C6743128FEC6}.Debug|x86.Build.0 = Debug|Any CPU
		{32331482-7C17-46E4-8FD1-C6743128FEC6}.Release|Any CPU.ActiveCfg = Release|Any CPU
		{32331482-7C17-46E4-8FD1-C6743128FEC6}.Release|Any CPU.Build.0 = Release|Any CPU
		{32331482-7C17-46E4-8FD1-C6743128FEC6}.Release|x86.ActiveCfg = Release|Any CPU
		{32331482-7C17-46E4-8FD1-C6743128FEC6}.Release|x86.Build.0 = Release|Any CPU
	EndGlobalSection
	GlobalSection(SolutionProperties) = preSolution
		HideSolutionNode = FALSE
	EndGlobalSection
	GlobalSection(NestedProjects) = preSolution
		{D7F796F3-D62E-4136-A434-E62B7A5001D7} = {0126E986-F657-499A-94EC-972C8464B10D}
		{340F976D-3F02-4866-95CB-799422B994B3} = {0126E986-F657-499A-94EC-972C8464B10D}
		{32331482-7C17-46E4-8FD1-C6743128FEC6} = {0126E986-F657-499A-94EC-972C8464B10D}
	EndGlobalSection
	GlobalSection(ExtensibilityGlobals) = postSolution
		SolutionGuid = {91DA633D-A699-4471-A8C9-E70592801BF3}
	EndGlobalSection
EndGlobal
